// !$*UTF8*$!
{
	archiveVersion = 1;
	classes = {
	};
	objectVersion = 46;
	objects = {

/* Begin PBXBuildFile section */
		1507F68ED264D34A0C3F0F6C /* libPods.a in Frameworks */ = {isa = PBXBuildFile; fileRef = 5EDCFFEE162EC0D3DCE94B3F /* libPods.a */; };
		224259DF1C140CED00D868BF /* ZGNavigationController.m in Sources */ = {isa = PBXBuildFile; fileRef = 224259DE1C140CED00D868BF /* ZGNavigationController.m */; };
		224259E51C14373100D868BF /* ZGHttpTool.m in Sources */ = {isa = PBXBuildFile; fileRef = 224259E41C14373100D868BF /* ZGHttpTool.m */; };
		22643CA71C1DACB500C741AD /* ZGTodayCell.m in Sources */ = {isa = PBXBuildFile; fileRef = 22643CA51C1DACB500C741AD /* ZGTodayCell.m */; };
		22643CAB1C1DC15100C741AD /* ZGFutureCell.m in Sources */ = {isa = PBXBuildFile; fileRef = 22643CAA1C1DC15100C741AD /* ZGFutureCell.m */; };
		22643CAE1C1DD43C00C741AD /* ZGTodayDetailCell.m in Sources */ = {isa = PBXBuildFile; fileRef = 22643CAD1C1DD43C00C741AD /* ZGTodayDetailCell.m */; };
		22643CB11C1DE38100C741AD /* ZGAdviceCell.m in Sources */ = {isa = PBXBuildFile; fileRef = 22643CB01C1DE38100C741AD /* ZGAdviceCell.m */; };
		226539F71C1E79C900C0BA5C /* ZGPriceTableController.m in Sources */ = {isa = PBXBuildFile; fileRef = 226539F61C1E79C900C0BA5C /* ZGPriceTableController.m */; };
		226539FA1C1E858A00C0BA5C /* ZGPriceTool.m in Sources */ = {isa = PBXBuildFile; fileRef = 226539F91C1E858A00C0BA5C /* ZGPriceTool.m */; };
		226539FD1C1E859900C0BA5C /* ZGPriceModel.m in Sources */ = {isa = PBXBuildFile; fileRef = 226539FC1C1E859900C0BA5C /* ZGPriceModel.m */; };
		22653A001C1E85DD00C0BA5C /* ZGPriceCell.m in Sources */ = {isa = PBXBuildFile; fileRef = 226539FF1C1E85DD00C0BA5C /* ZGPriceCell.m */; };
		22653A031C1EEEF300C0BA5C /* ZGHotelTool.m in Sources */ = {isa = PBXBuildFile; fileRef = 22653A021C1EEEF300C0BA5C /* ZGHotelTool.m */; };
		22653A061C1EEF9100C0BA5C /* ZGHotelModel.m in Sources */ = {isa = PBXBuildFile; fileRef = 22653A051C1EEF9100C0BA5C /* ZGHotelModel.m */; };
		22653A091C1EEF9E00C0BA5C /* ZGHotelDetail.m in Sources */ = {isa = PBXBuildFile; fileRef = 22653A081C1EEF9E00C0BA5C /* ZGHotelDetail.m */; };
		22653A0C1C1EFB1E00C0BA5C /* ZGHotelListCell.m in Sources */ = {isa = PBXBuildFile; fileRef = 22653A0B1C1EFB1E00C0BA5C /* ZGHotelListCell.m */; };
		22653A0F1C1F19D300C0BA5C /* ZGHotelDetailController.m in Sources */ = {isa = PBXBuildFile; fileRef = 22653A0E1C1F19D300C0BA5C /* ZGHotelDetailController.m */; };
		226834BF1C1AB71F006D02C5 /* ZGBottomView.m in Sources */ = {isa = PBXBuildFile; fileRef = 226834BE1C1AB71F006D02C5 /* ZGBottomView.m */; };
		226834C21C1ACA83006D02C5 /* ZGCityModel.m in Sources */ = {isa = PBXBuildFile; fileRef = 226834C11C1ACA83006D02C5 /* ZGCityModel.m */; };
		2276FA561BFC29DF00C6FC07 /* Assets.xcassets in Resources */ = {isa = PBXBuildFile; fileRef = 2276FA551BFC29DF00C6FC07 /* Assets.xcassets */; };
		2276FA591BFC29DF00C6FC07 /* LaunchScreen.storyboard in Resources */ = {isa = PBXBuildFile; fileRef = 2276FA571BFC29DF00C6FC07 /* LaunchScreen.storyboard */; };
		227E14391BFC2CD9001E6FBB /* main.m in Sources */ = {isa = PBXBuildFile; fileRef = 227E142C1BFC2CD9001E6FBB /* main.m */; };
		227E14441BFC2F4A001E6FBB /* ZGAppDelegate.m in Sources */ = {isa = PBXBuildFile; fileRef = 227E14431BFC2F4A001E6FBB /* ZGAppDelegate.m */; };
		22806C441C16A1F3002F4F4F /* ZGHotelTableController.m in Sources */ = {isa = PBXBuildFile; fileRef = 22806C431C16A1F3002F4F4F /* ZGHotelTableController.m */; };
		22806C611C17FB10002F4F4F /* ZGMainTableController.m in Sources */ = {isa = PBXBuildFile; fileRef = 22806C521C17FB10002F4F4F /* ZGMainTableController.m */; };
		22806C621C17FB10002F4F4F /* ZGScenicDetail.m in Sources */ = {isa = PBXBuildFile; fileRef = 22806C551C17FB10002F4F4F /* ZGScenicDetail.m */; };
		22806C631C17FB10002F4F4F /* ZGScenicSimple.m in Sources */ = {isa = PBXBuildFile; fileRef = 22806C571C17FB10002F4F4F /* ZGScenicSimple.m */; };
		22806C641C17FB10002F4F4F /* ZGScenicTool.m in Sources */ = {isa = PBXBuildFile; fileRef = 22806C5A1C17FB10002F4F4F /* ZGScenicTool.m */; };
		22806C651C17FB10002F4F4F /* ZGScenicCell.m in Sources */ = {isa = PBXBuildFile; fileRef = 22806C5D1C17FB10002F4F4F /* ZGScenicCell.m */; };
		22806C741C180228002F4F4F /* ZGDetailTableController.m in Sources */ = {isa = PBXBuildFile; fileRef = 22806C731C180228002F4F4F /* ZGDetailTableController.m */; };
		22806C771C1804B2002F4F4F /* ZGDetailCell.m in Sources */ = {isa = PBXBuildFile; fileRef = 22806C761C1804B2002F4F4F /* ZGDetailCell.m */; };
		22806C7A1C1804F1002F4F4F /* ZGPageView.m in Sources */ = {isa = PBXBuildFile; fileRef = 22806C791C1804F1002F4F4F /* ZGPageView.m */; };
		22806C7D1C180507002F4F4F /* ZGHeaderView.m in Sources */ = {isa = PBXBuildFile; fileRef = 22806C7C1C180507002F4F4F /* ZGHeaderView.m */; };
		22806C801C181740002F4F4F /* UIImageView+ZGTool.m in Sources */ = {isa = PBXBuildFile; fileRef = 22806C7F1C181740002F4F4F /* UIImageView+ZGTool.m */; };
		22843B8F1C1FAE79002F1251 /* ZGHotelDetailCell.m in Sources */ = {isa = PBXBuildFile; fileRef = 22843B8E1C1FAE79002F1251 /* ZGHotelDetailCell.m */; };
		22843B921C1FAEDA002F1251 /* ZGRoomListCell.m in Sources */ = {isa = PBXBuildFile; fileRef = 22843B911C1FAEDA002F1251 /* ZGRoomListCell.m */; };
		22843B951C1FDB7C002F1251 /* ZGRoomModel.m in Sources */ = {isa = PBXBuildFile; fileRef = 22843B941C1FDB7C002F1251 /* ZGRoomModel.m */; };
		2286D9041C1C0A7E003BC385 /* ZGWeatherTool.m in Sources */ = {isa = PBXBuildFile; fileRef = 2286D9031C1C0A7E003BC385 /* ZGWeatherTool.m */; };
		2286D9071C1C0B99003BC385 /* ZGWeatherModel.m in Sources */ = {isa = PBXBuildFile; fileRef = 2286D9061C1C0B99003BC385 /* ZGWeatherModel.m */; };
		2286D90A1C1C0F5F003BC385 /* ZGWeatherTableController.m in Sources */ = {isa = PBXBuildFile; fileRef = 2286D9091C1C0F5F003BC385 /* ZGWeatherTableController.m */; };
		22AF81701C1D3D7B00ACF684 /* ZGDataTool.m in Sources */ = {isa = PBXBuildFile; fileRef = 22AF816F1C1D3D7B00ACF684 /* ZGDataTool.m */; };
		22BB8D781C194115008F59CE /* ZGHeaderButton.m in Sources */ = {isa = PBXBuildFile; fileRef = 22BB8D771C194115008F59CE /* ZGHeaderButton.m */; };
		22BB8D7B1C19C1DF008F59CE /* ZGDetailLabel.m in Sources */ = {isa = PBXBuildFile; fileRef = 22BB8D7A1C19C1DF008F59CE /* ZGDetailLabel.m */; };
		22BB8D811C19D455008F59CE /* ZGCityTableController.m in Sources */ = {isa = PBXBuildFile; fileRef = 22BB8D801C19D455008F59CE /* ZGCityTableController.m */; };
		22BB8D841C19D5FA008F59CE /* ZGCityTool.m in Sources */ = {isa = PBXBuildFile; fileRef = 22BB8D831C19D5FA008F59CE /* ZGCityTool.m */; };
		22BB8D8D1C19D850008F59CE /* ZGTableViewController.m in Sources */ = {isa = PBXBuildFile; fileRef = 22BB8D8C1C19D850008F59CE /* ZGTableViewController.m */; };
		22CE33E11C1AF4EC003760BA /* ZGProvinTableController.m in Sources */ = {isa = PBXBuildFile; fileRef = 22CE33E01C1AF4EC003760BA /* ZGProvinTableController.m */; };
/* End PBXBuildFile section */

/* Begin PBXFileReference section */
		1E140ECF6FEA2345FB8451BE /* Pods.release.xcconfig */ = {isa = PBXFileReference; includeInIndex = 1; lastKnownFileType = text.xcconfig; name = Pods.release.xcconfig; path = "Pods/Target Support Files/Pods/Pods.release.xcconfig"; sourceTree = "<group>"; };
		224259DD1C140CED00D868BF /* ZGNavigationController.h */ = {isa = PBXFileReference; fileEncoding = 4; lastKnownFileType = sourcecode.c.h; path = ZGNavigationController.h; sourceTree = "<group>"; };
		224259DE1C140CED00D868BF /* ZGNavigationController.m */ = {isa = PBXFileReference; fileEncoding = 4; lastKnownFileType = sourcecode.c.objc; path = ZGNavigationController.m; sourceTree = "<group>"; };
		224259E31C14373100D868BF /* ZGHttpTool.h */ = {isa = PBXFileReference; fileEncoding = 4; lastKnownFileType = sourcecode.c.h; path = ZGHttpTool.h; sourceTree = "<group>"; };
		224259E41C14373100D868BF /* ZGHttpTool.m */ = {isa = PBXFileReference; fileEncoding = 4; lastKnownFileType = sourcecode.c.objc; path = ZGHttpTool.m; sourceTree = "<group>"; };
		22643CA41C1DACB400C741AD /* ZGTodayCell.h */ = {isa = PBXFileReference; fileEncoding = 4; lastKnownFileType = sourcecode.c.h; path = ZGTodayCell.h; sourceTree = "<group>"; };
		22643CA51C1DACB500C741AD /* ZGTodayCell.m */ = {isa = PBXFileReference; fileEncoding = 4; lastKnownFileType = sourcecode.c.objc; path = ZGTodayCell.m; sourceTree = "<group>"; };
		22643CA91C1DC15100C741AD /* ZGFutureCell.h */ = {isa = PBXFileReference; fileEncoding = 4; lastKnownFileType = sourcecode.c.h; path = ZGFutureCell.h; sourceTree = "<group>"; };
		22643CAA1C1DC15100C741AD /* ZGFutureCell.m */ = {isa = PBXFileReference; fileEncoding = 4; lastKnownFileType = sourcecode.c.objc; path = ZGFutureCell.m; sourceTree = "<group>"; };
		22643CAC1C1DD43C00C741AD /* ZGTodayDetailCell.h */ = {isa = PBXFileReference; fileEncoding = 4; lastKnownFileType = sourcecode.c.h; path = ZGTodayDetailCell.h; sourceTree = "<group>"; };
		22643CAD1C1DD43C00C741AD /* ZGTodayDetailCell.m */ = {isa = PBXFileReference; fileEncoding = 4; lastKnownFileType = sourcecode.c.objc; path = ZGTodayDetailCell.m; sourceTree = "<group>"; };
		22643CAF1C1DE38100C741AD /* ZGAdviceCell.h */ = {isa = PBXFileReference; fileEncoding = 4; lastKnownFileType = sourcecode.c.h; path = ZGAdviceCell.h; sourceTree = "<group>"; };
		22643CB01C1DE38100C741AD /* ZGAdviceCell.m */ = {isa = PBXFileReference; fileEncoding = 4; lastKnownFileType = sourcecode.c.objc; path = ZGAdviceCell.m; sourceTree = "<group>"; };
		226539F51C1E79C900C0BA5C /* ZGPriceTableController.h */ = {isa = PBXFileReference; fileEncoding = 4; lastKnownFileType = sourcecode.c.h; path = ZGPriceTableController.h; sourceTree = "<group>"; };
		226539F61C1E79C900C0BA5C /* ZGPriceTableController.m */ = {isa = PBXFileReference; fileEncoding = 4; lastKnownFileType = sourcecode.c.objc; path = ZGPriceTableController.m; sourceTree = "<group>"; };
		226539F81C1E858A00C0BA5C /* ZGPriceTool.h */ = {isa = PBXFileReference; fileEncoding = 4; lastKnownFileType = sourcecode.c.h; path = ZGPriceTool.h; sourceTree = "<group>"; };
		226539F91C1E858A00C0BA5C /* ZGPriceTool.m */ = {isa = PBXFileReference; fileEncoding = 4; lastKnownFileType = sourcecode.c.objc; path = ZGPriceTool.m; sourceTree = "<group>"; };
		226539FB1C1E859900C0BA5C /* ZGPriceModel.h */ = {isa = PBXFileReference; fileEncoding = 4; lastKnownFileType = sourcecode.c.h; path = ZGPriceModel.h; sourceTree = "<group>"; };
		226539FC1C1E859900C0BA5C /* ZGPriceModel.m */ = {isa = PBXFileReference; fileEncoding = 4; lastKnownFileType = sourcecode.c.objc; path = ZGPriceModel.m; sourceTree = "<group>"; };
		226539FE1C1E85DD00C0BA5C /* ZGPriceCell.h */ = {isa = PBXFileReference; fileEncoding = 4; lastKnownFileType = sourcecode.c.h; path = ZGPriceCell.h; sourceTree = "<group>"; };
		226539FF1C1E85DD00C0BA5C /* ZGPriceCell.m */ = {isa = PBXFileReference; fileEncoding = 4; lastKnownFileType = sourcecode.c.objc; path = ZGPriceCell.m; sourceTree = "<group>"; };
		22653A011C1EEEF300C0BA5C /* ZGHotelTool.h */ = {isa = PBXFileReference; fileEncoding = 4; lastKnownFileType = sourcecode.c.h; path = ZGHotelTool.h; sourceTree = "<group>"; };
		22653A021C1EEEF300C0BA5C /* ZGHotelTool.m */ = {isa = PBXFileReference; fileEncoding = 4; lastKnownFileType = sourcecode.c.objc; path = ZGHotelTool.m; sourceTree = "<group>"; };
		22653A041C1EEF9100C0BA5C /* ZGHotelModel.h */ = {isa = PBXFileReference; fileEncoding = 4; lastKnownFileType = sourcecode.c.h; path = ZGHotelModel.h; sourceTree = "<group>"; };
		22653A051C1EEF9100C0BA5C /* ZGHotelModel.m */ = {isa = PBXFileReference; fileEncoding = 4; lastKnownFileType = sourcecode.c.objc; path = ZGHotelModel.m; sourceTree = "<group>"; };
		22653A071C1EEF9E00C0BA5C /* ZGHotelDetail.h */ = {isa = PBXFileReference; fileEncoding = 4; lastKnownFileType = sourcecode.c.h; path = ZGHotelDetail.h; sourceTree = "<group>"; };
		22653A081C1EEF9E00C0BA5C /* ZGHotelDetail.m */ = {isa = PBXFileReference; fileEncoding = 4; lastKnownFileType = sourcecode.c.objc; path = ZGHotelDetail.m; sourceTree = "<group>"; };
		22653A0A1C1EFB1E00C0BA5C /* ZGHotelListCell.h */ = {isa = PBXFileReference; fileEncoding = 4; lastKnownFileType = sourcecode.c.h; path = ZGHotelListCell.h; sourceTree = "<group>"; };
		22653A0B1C1EFB1E00C0BA5C /* ZGHotelListCell.m */ = {isa = PBXFileReference; fileEncoding = 4; lastKnownFileType = sourcecode.c.objc; path = ZGHotelListCell.m; sourceTree = "<group>"; };
		22653A0D1C1F19D300C0BA5C /* ZGHotelDetailController.h */ = {isa = PBXFileReference; fileEncoding = 4; lastKnownFileType = sourcecode.c.h; path = ZGHotelDetailController.h; sourceTree = "<group>"; };
		22653A0E1C1F19D300C0BA5C /* ZGHotelDetailController.m */ = {isa = PBXFileReference; fileEncoding = 4; lastKnownFileType = sourcecode.c.objc; path = ZGHotelDetailController.m; sourceTree = "<group>"; };
		226834BD1C1AB71F006D02C5 /* ZGBottomView.h */ = {isa = PBXFileReference; fileEncoding = 4; lastKnownFileType = sourcecode.c.h; path = ZGBottomView.h; sourceTree = "<group>"; };
		226834BE1C1AB71F006D02C5 /* ZGBottomView.m */ = {isa = PBXFileReference; fileEncoding = 4; lastKnownFileType = sourcecode.c.objc; path = ZGBottomView.m; sourceTree = "<group>"; };
		226834C01C1ACA83006D02C5 /* ZGCityModel.h */ = {isa = PBXFileReference; fileEncoding = 4; lastKnownFileType = sourcecode.c.h; path = ZGCityModel.h; sourceTree = "<group>"; };
		226834C11C1ACA83006D02C5 /* ZGCityModel.m */ = {isa = PBXFileReference; fileEncoding = 4; lastKnownFileType = sourcecode.c.objc; path = ZGCityModel.m; sourceTree = "<group>"; };
		2276FA461BFC29DE00C6FC07 /* 景点助手.app */ = {isa = PBXFileReference; explicitFileType = wrapper.application; includeInIndex = 0; path = "景点助手.app"; sourceTree = BUILT_PRODUCTS_DIR; };
		2276FA551BFC29DF00C6FC07 /* Assets.xcassets */ = {isa = PBXFileReference; lastKnownFileType = folder.assetcatalog; path = Assets.xcassets; sourceTree = "<group>"; };
		2276FA581BFC29DF00C6FC07 /* Base */ = {isa = PBXFileReference; lastKnownFileType = file.storyboard; name = Base; path = Base.lproj/LaunchScreen.storyboard; sourceTree = "<group>"; };
		2276FA5A1BFC29DF00C6FC07 /* Info.plist */ = {isa = PBXFileReference; lastKnownFileType = text.plist.xml; path = Info.plist; sourceTree = "<group>"; };
		227E142C1BFC2CD9001E6FBB /* main.m */ = {isa = PBXFileReference; fileEncoding = 4; lastKnownFileType = sourcecode.c.objc; path = main.m; sourceTree = "<group>"; };
		227E14421BFC2F4A001E6FBB /* ZGAppDelegate.h */ = {isa = PBXFileReference; fileEncoding = 4; lastKnownFileType = sourcecode.c.h; path = ZGAppDelegate.h; sourceTree = "<group>"; };
		227E14431BFC2F4A001E6FBB /* ZGAppDelegate.m */ = {isa = PBXFileReference; fileEncoding = 4; lastKnownFileType = sourcecode.c.objc; path = ZGAppDelegate.m; sourceTree = "<group>"; };
		22806C421C16A1F3002F4F4F /* ZGHotelTableController.h */ = {isa = PBXFileReference; fileEncoding = 4; lastKnownFileType = sourcecode.c.h; path = ZGHotelTableController.h; sourceTree = "<group>"; };
		22806C431C16A1F3002F4F4F /* ZGHotelTableController.m */ = {isa = PBXFileReference; fileEncoding = 4; lastKnownFileType = sourcecode.c.objc; path = ZGHotelTableController.m; sourceTree = "<group>"; };
		22806C511C17FB10002F4F4F /* ZGMainTableController.h */ = {isa = PBXFileReference; fileEncoding = 4; lastKnownFileType = sourcecode.c.h; path = ZGMainTableController.h; sourceTree = "<group>"; };
		22806C521C17FB10002F4F4F /* ZGMainTableController.m */ = {isa = PBXFileReference; fileEncoding = 4; lastKnownFileType = sourcecode.c.objc; path = ZGMainTableController.m; sourceTree = "<group>"; };
		22806C541C17FB10002F4F4F /* ZGScenicDetail.h */ = {isa = PBXFileReference; fileEncoding = 4; lastKnownFileType = sourcecode.c.h; path = ZGScenicDetail.h; sourceTree = "<group>"; };
		22806C551C17FB10002F4F4F /* ZGScenicDetail.m */ = {isa = PBXFileReference; fileEncoding = 4; lastKnownFileType = sourcecode.c.objc; path = ZGScenicDetail.m; sourceTree = "<group>"; };
		22806C561C17FB10002F4F4F /* ZGScenicSimple.h */ = {isa = PBXFileReference; fileEncoding = 4; lastKnownFileType = sourcecode.c.h; path = ZGScenicSimple.h; sourceTree = "<group>"; };
		22806C571C17FB10002F4F4F /* ZGScenicSimple.m */ = {isa = PBXFileReference; fileEncoding = 4; lastKnownFileType = sourcecode.c.objc; path = ZGScenicSimple.m; sourceTree = "<group>"; };
		22806C591C17FB10002F4F4F /* ZGScenicTool.h */ = {isa = PBXFileReference; fileEncoding = 4; lastKnownFileType = sourcecode.c.h; path = ZGScenicTool.h; sourceTree = "<group>"; };
		22806C5A1C17FB10002F4F4F /* ZGScenicTool.m */ = {isa = PBXFileReference; fileEncoding = 4; lastKnownFileType = sourcecode.c.objc; path = ZGScenicTool.m; sourceTree = "<group>"; };
		22806C5C1C17FB10002F4F4F /* ZGScenicCell.h */ = {isa = PBXFileReference; fileEncoding = 4; lastKnownFileType = sourcecode.c.h; path = ZGScenicCell.h; sourceTree = "<group>"; };
		22806C5D1C17FB10002F4F4F /* ZGScenicCell.m */ = {isa = PBXFileReference; fileEncoding = 4; lastKnownFileType = sourcecode.c.objc; path = ZGScenicCell.m; sourceTree = "<group>"; };
		22806C721C180228002F4F4F /* ZGDetailTableController.h */ = {isa = PBXFileReference; fileEncoding = 4; lastKnownFileType = sourcecode.c.h; path = ZGDetailTableController.h; sourceTree = "<group>"; };
		22806C731C180228002F4F4F /* ZGDetailTableController.m */ = {isa = PBXFileReference; fileEncoding = 4; lastKnownFileType = sourcecode.c.objc; path = ZGDetailTableController.m; sourceTree = "<group>"; };
		22806C751C1804B2002F4F4F /* ZGDetailCell.h */ = {isa = PBXFileReference; fileEncoding = 4; lastKnownFileType = sourcecode.c.h; path = ZGDetailCell.h; sourceTree = "<group>"; };
		22806C761C1804B2002F4F4F /* ZGDetailCell.m */ = {isa = PBXFileReference; fileEncoding = 4; lastKnownFileType = sourcecode.c.objc; path = ZGDetailCell.m; sourceTree = "<group>"; };
		22806C781C1804F1002F4F4F /* ZGPageView.h */ = {isa = PBXFileReference; fileEncoding = 4; lastKnownFileType = sourcecode.c.h; path = ZGPageView.h; sourceTree = "<group>"; };
		22806C791C1804F1002F4F4F /* ZGPageView.m */ = {isa = PBXFileReference; fileEncoding = 4; lastKnownFileType = sourcecode.c.objc; path = ZGPageView.m; sourceTree = "<group>"; };
		22806C7B1C180507002F4F4F /* ZGHeaderView.h */ = {isa = PBXFileReference; fileEncoding = 4; lastKnownFileType = sourcecode.c.h; path = ZGHeaderView.h; sourceTree = "<group>"; };
		22806C7C1C180507002F4F4F /* ZGHeaderView.m */ = {isa = PBXFileReference; fileEncoding = 4; lastKnownFileType = sourcecode.c.objc; path = ZGHeaderView.m; sourceTree = "<group>"; };
		22806C7E1C181740002F4F4F /* UIImageView+ZGTool.h */ = {isa = PBXFileReference; fileEncoding = 4; lastKnownFileType = sourcecode.c.h; path = "UIImageView+ZGTool.h"; sourceTree = "<group>"; };
		22806C7F1C181740002F4F4F /* UIImageView+ZGTool.m */ = {isa = PBXFileReference; fileEncoding = 4; lastKnownFileType = sourcecode.c.objc; path = "UIImageView+ZGTool.m"; sourceTree = "<group>"; };
		22843B8D1C1FAE79002F1251 /* ZGHotelDetailCell.h */ = {isa = PBXFileReference; fileEncoding = 4; lastKnownFileType = sourcecode.c.h; path = ZGHotelDetailCell.h; sourceTree = "<group>"; };
		22843B8E1C1FAE79002F1251 /* ZGHotelDetailCell.m */ = {isa = PBXFileReference; fileEncoding = 4; lastKnownFileType = sourcecode.c.objc; path = ZGHotelDetailCell.m; sourceTree = "<group>"; };
		22843B901C1FAEDA002F1251 /* ZGRoomListCell.h */ = {isa = PBXFileReference; fileEncoding = 4; lastKnownFileType = sourcecode.c.h; path = ZGRoomListCell.h; sourceTree = "<group>"; };
		22843B911C1FAEDA002F1251 /* ZGRoomListCell.m */ = {isa = PBXFileReference; fileEncoding = 4; lastKnownFileType = sourcecode.c.objc; path = ZGRoomListCell.m; sourceTree = "<group>"; };
		22843B931C1FDB7C002F1251 /* ZGRoomModel.h */ = {isa = PBXFileReference; fileEncoding = 4; lastKnownFileType = sourcecode.c.h; path = ZGRoomModel.h; sourceTree = "<group>"; };
		22843B941C1FDB7C002F1251 /* ZGRoomModel.m */ = {isa = PBXFileReference; fileEncoding = 4; lastKnownFileType = sourcecode.c.objc; path = ZGRoomModel.m; sourceTree = "<group>"; };
		2286D9021C1C0A7E003BC385 /* ZGWeatherTool.h */ = {isa = PBXFileReference; fileEncoding = 4; lastKnownFileType = sourcecode.c.h; path = ZGWeatherTool.h; sourceTree = "<group>"; };
		2286D9031C1C0A7E003BC385 /* ZGWeatherTool.m */ = {isa = PBXFileReference; fileEncoding = 4; lastKnownFileType = sourcecode.c.objc; path = ZGWeatherTool.m; sourceTree = "<group>"; };
		2286D9051C1C0B99003BC385 /* ZGWeatherModel.h */ = {isa = PBXFileReference; fileEncoding = 4; lastKnownFileType = sourcecode.c.h; path = ZGWeatherModel.h; sourceTree = "<group>"; };
		2286D9061C1C0B99003BC385 /* ZGWeatherModel.m */ = {isa = PBXFileReference; fileEncoding = 4; lastKnownFileType = sourcecode.c.objc; path = ZGWeatherModel.m; sourceTree = "<group>"; };
		2286D9081C1C0F5F003BC385 /* ZGWeatherTableController.h */ = {isa = PBXFileReference; fileEncoding = 4; lastKnownFileType = sourcecode.c.h; path = ZGWeatherTableController.h; sourceTree = "<group>"; };
		2286D9091C1C0F5F003BC385 /* ZGWeatherTableController.m */ = {isa = PBXFileReference; fileEncoding = 4; lastKnownFileType = sourcecode.c.objc; path = ZGWeatherTableController.m; sourceTree = "<group>"; };
		22AF816E1C1D3D7B00ACF684 /* ZGDataTool.h */ = {isa = PBXFileReference; fileEncoding = 4; lastKnownFileType = sourcecode.c.h; path = ZGDataTool.h; sourceTree = "<group>"; };
		22AF816F1C1D3D7B00ACF684 /* ZGDataTool.m */ = {isa = PBXFileReference; fileEncoding = 4; lastKnownFileType = sourcecode.c.objc; path = ZGDataTool.m; sourceTree = "<group>"; };
		22BB8D761C194115008F59CE /* ZGHeaderButton.h */ = {isa = PBXFileReference; fileEncoding = 4; lastKnownFileType = sourcecode.c.h; path = ZGHeaderButton.h; sourceTree = "<group>"; };
		22BB8D771C194115008F59CE /* ZGHeaderButton.m */ = {isa = PBXFileReference; fileEncoding = 4; lastKnownFileType = sourcecode.c.objc; path = ZGHeaderButton.m; sourceTree = "<group>"; };
		22BB8D791C19C1DF008F59CE /* ZGDetailLabel.h */ = {isa = PBXFileReference; fileEncoding = 4; lastKnownFileType = sourcecode.c.h; path = ZGDetailLabel.h; sourceTree = "<group>"; };
		22BB8D7A1C19C1DF008F59CE /* ZGDetailLabel.m */ = {isa = PBXFileReference; fileEncoding = 4; lastKnownFileType = sourcecode.c.objc; path = ZGDetailLabel.m; sourceTree = "<group>"; };
		22BB8D7F1C19D455008F59CE /* ZGCityTableController.h */ = {isa = PBXFileReference; fileEncoding = 4; lastKnownFileType = sourcecode.c.h; path = ZGCityTableController.h; sourceTree = "<group>"; };
		22BB8D801C19D455008F59CE /* ZGCityTableController.m */ = {isa = PBXFileReference; fileEncoding = 4; lastKnownFileType = sourcecode.c.objc; path = ZGCityTableController.m; sourceTree = "<group>"; };
		22BB8D821C19D5FA008F59CE /* ZGCityTool.h */ = {isa = PBXFileReference; fileEncoding = 4; lastKnownFileType = sourcecode.c.h; path = ZGCityTool.h; sourceTree = "<group>"; };
		22BB8D831C19D5FA008F59CE /* ZGCityTool.m */ = {isa = PBXFileReference; fileEncoding = 4; lastKnownFileType = sourcecode.c.objc; path = ZGCityTool.m; sourceTree = "<group>"; };
		22BB8D8B1C19D850008F59CE /* ZGTableViewController.h */ = {isa = PBXFileReference; fileEncoding = 4; lastKnownFileType = sourcecode.c.h; path = ZGTableViewController.h; sourceTree = "<group>"; };
		22BB8D8C1C19D850008F59CE /* ZGTableViewController.m */ = {isa = PBXFileReference; fileEncoding = 4; lastKnownFileType = sourcecode.c.objc; path = ZGTableViewController.m; sourceTree = "<group>"; };
		22CE33DF1C1AF4EC003760BA /* ZGProvinTableController.h */ = {isa = PBXFileReference; fileEncoding = 4; lastKnownFileType = sourcecode.c.h; path = ZGProvinTableController.h; sourceTree = "<group>"; };
		22CE33E01C1AF4EC003760BA /* ZGProvinTableController.m */ = {isa = PBXFileReference; fileEncoding = 4; lastKnownFileType = sourcecode.c.objc; path = ZGProvinTableController.m; sourceTree = "<group>"; };
		3E473DFA3AD8154573EF4717 /* Pods.debug.xcconfig */ = {isa = PBXFileReference; includeInIndex = 1; lastKnownFileType = text.xcconfig; name = Pods.debug.xcconfig; path = "Pods/Target Support Files/Pods/Pods.debug.xcconfig"; sourceTree = "<group>"; };
		5EDCFFEE162EC0D3DCE94B3F /* libPods.a */ = {isa = PBXFileReference; explicitFileType = archive.ar; includeInIndex = 0; path = libPods.a; sourceTree = BUILT_PRODUCTS_DIR; };
/* End PBXFileReference section */

/* Begin PBXFrameworksBuildPhase section */
		2276FA431BFC29DE00C6FC07 /* Frameworks */ = {
			isa = PBXFrameworksBuildPhase;
			buildActionMask = 2147483647;
			files = (
				1507F68ED264D34A0C3F0F6C /* libPods.a in Frameworks */,
			);
			runOnlyForDeploymentPostprocessing = 0;
		};
/* End PBXFrameworksBuildPhase section */

/* Begin PBXGroup section */
		224259CE1C140C7000D868BF /* Base */ = {
			isa = PBXGroup;
			children = (
				224259CF1C140C7000D868BF /* Controller */,
				224259D01C140C7000D868BF /* Model */,
				224259D11C140C7000D868BF /* Tool */,
				224259D21C140C7000D868BF /* View */,
			);
			path = Base;
			sourceTree = "<group>";
		};
		224259CF1C140C7000D868BF /* Controller */ = {
			isa = PBXGroup;
			children = (
				224259DD1C140CED00D868BF /* ZGNavigationController.h */,
				224259DE1C140CED00D868BF /* ZGNavigationController.m */,
				22BB8D8B1C19D850008F59CE /* ZGTableViewController.h */,
				22BB8D8C1C19D850008F59CE /* ZGTableViewController.m */,
			);
			path = Controller;
			sourceTree = "<group>";
		};
		224259D01C140C7000D868BF /* Model */ = {
			isa = PBXGroup;
			children = (
			);
			path = Model;
			sourceTree = "<group>";
		};
		224259D11C140C7000D868BF /* Tool */ = {
			isa = PBXGroup;
			children = (
				224259E31C14373100D868BF /* ZGHttpTool.h */,
				224259E41C14373100D868BF /* ZGHttpTool.m */,
				22806C7E1C181740002F4F4F /* UIImageView+ZGTool.h */,
				22806C7F1C181740002F4F4F /* UIImageView+ZGTool.m */,
				22AF816E1C1D3D7B00ACF684 /* ZGDataTool.h */,
				22AF816F1C1D3D7B00ACF684 /* ZGDataTool.m */,
			);
			path = Tool;
			sourceTree = "<group>";
		};
		224259D21C140C7000D868BF /* View */ = {
			isa = PBXGroup;
			children = (
			);
			path = View;
			sourceTree = "<group>";
		};
		224259D31C140CB000D868BF /* Found */ = {
			isa = PBXGroup;
			children = (
				224259D41C140CB000D868BF /* Controller */,
				224259D51C140CB000D868BF /* Model */,
				224259D61C140CB000D868BF /* Tool */,
				224259D71C140CB000D868BF /* View */,
			);
			name = Found;
			path = Main/Found;
			sourceTree = "<group>";
		};
		224259D41C140CB000D868BF /* Controller */ = {
			isa = PBXGroup;
			children = (
			);
			path = Controller;
			sourceTree = "<group>";
		};
		224259D51C140CB000D868BF /* Model */ = {
			isa = PBXGroup;
			children = (
			);
			path = Model;
			sourceTree = "<group>";
		};
		224259D61C140CB000D868BF /* Tool */ = {
			isa = PBXGroup;
			children = (
			);
			path = Tool;
			sourceTree = "<group>";
		};
		224259D71C140CB000D868BF /* View */ = {
			isa = PBXGroup;
			children = (
			);
			path = View;
			sourceTree = "<group>";
		};
		224259D81C140CC500D868BF /* Setting */ = {
			isa = PBXGroup;
			children = (
				224259D91C140CC500D868BF /* Controller */,
				224259DA1C140CC500D868BF /* Model */,
				224259DB1C140CC500D868BF /* Tool */,
				224259DC1C140CC500D868BF /* View */,
			);
			path = Setting;
			sourceTree = "<group>";
		};
		224259D91C140CC500D868BF /* Controller */ = {
			isa = PBXGroup;
			children = (
			);
			path = Controller;
			sourceTree = "<group>";
		};
		224259DA1C140CC500D868BF /* Model */ = {
			isa = PBXGroup;
			children = (
			);
			path = Model;
			sourceTree = "<group>";
		};
		224259DB1C140CC500D868BF /* Tool */ = {
			isa = PBXGroup;
			children = (
			);
			path = Tool;
			sourceTree = "<group>";
		};
		224259DC1C140CC500D868BF /* View */ = {
			isa = PBXGroup;
			children = (
			);
			path = View;
			sourceTree = "<group>";
		};
		226539F01C1E76A900C0BA5C /* Price */ = {
			isa = PBXGroup;
			children = (
				226539F11C1E76A900C0BA5C /* Controller */,
				226539F21C1E76A900C0BA5C /* Model */,
				226539F31C1E76A900C0BA5C /* Tool */,
				226539F41C1E76A900C0BA5C /* View */,
			);
			path = Price;
			sourceTree = "<group>";
		};
		226539F11C1E76A900C0BA5C /* Controller */ = {
			isa = PBXGroup;
			children = (
				226539F51C1E79C900C0BA5C /* ZGPriceTableController.h */,
				226539F61C1E79C900C0BA5C /* ZGPriceTableController.m */,
			);
			path = Controller;
			sourceTree = "<group>";
		};
		226539F21C1E76A900C0BA5C /* Model */ = {
			isa = PBXGroup;
			children = (
				226539FB1C1E859900C0BA5C /* ZGPriceModel.h */,
				226539FC1C1E859900C0BA5C /* ZGPriceModel.m */,
			);
			path = Model;
			sourceTree = "<group>";
		};
		226539F31C1E76A900C0BA5C /* Tool */ = {
			isa = PBXGroup;
			children = (
				226539F81C1E858A00C0BA5C /* ZGPriceTool.h */,
				226539F91C1E858A00C0BA5C /* ZGPriceTool.m */,
			);
			path = Tool;
			sourceTree = "<group>";
		};
		226539F41C1E76A900C0BA5C /* View */ = {
			isa = PBXGroup;
			children = (
				226539FE1C1E85DD00C0BA5C /* ZGPriceCell.h */,
				226539FF1C1E85DD00C0BA5C /* ZGPriceCell.m */,
			);
			path = View;
			sourceTree = "<group>";
		};
		2276FA3D1BFC29DE00C6FC07 = {
			isa = PBXGroup;
			children = (
				2276FA481BFC29DE00C6FC07 /* 景点助手 */,
				2276FA471BFC29DE00C6FC07 /* Products */,
				75BD468B7F18CE0FDCEA8F9E /* Pods */,
				F454A78224C24511C724341A /* Frameworks */,
			);
			sourceTree = "<group>";
		};
		2276FA471BFC29DE00C6FC07 /* Products */ = {
			isa = PBXGroup;
			children = (
				2276FA461BFC29DE00C6FC07 /* 景点助手.app */,
			);
			name = Products;
			sourceTree = "<group>";
		};
		2276FA481BFC29DE00C6FC07 /* 景点助手 */ = {
			isa = PBXGroup;
			children = (
				227E14111BFC2CD9001E6FBB /* Classes */,
				2276FA551BFC29DF00C6FC07 /* Assets.xcassets */,
				2276FA571BFC29DF00C6FC07 /* LaunchScreen.storyboard */,
				2276FA491BFC29DE00C6FC07 /* Supporting Files */,
			);
			path = "景点助手";
			sourceTree = "<group>";
		};
		2276FA491BFC29DE00C6FC07 /* Supporting Files */ = {
			isa = PBXGroup;
			children = (
				2276FA5A1BFC29DF00C6FC07 /* Info.plist */,
			);
			name = "Supporting Files";
			sourceTree = "<group>";
		};
		227E14111BFC2CD9001E6FBB /* Classes */ = {
			isa = PBXGroup;
			children = (
				224259CE1C140C7000D868BF /* Base */,
				22806C3D1C16A05D002F4F4F /* Home */,
				22806C4B1C17FB10002F4F4F /* Main */,
				22806C381C16A005002F4F4F /* City */,
				22806C331C169FFA002F4F4F /* Hotel */,
				224259D81C140CC500D868BF /* Setting */,
				224259D31C140CB000D868BF /* Found */,
				227E14291BFC2CD9001E6FBB /* Other */,
			);
			path = Classes;
			sourceTree = "<group>";
		};
		227E14291BFC2CD9001E6FBB /* Other */ = {
			isa = PBXGroup;
			children = (
				227E142C1BFC2CD9001E6FBB /* main.m */,
				227E14421BFC2F4A001E6FBB /* ZGAppDelegate.h */,
				227E14431BFC2F4A001E6FBB /* ZGAppDelegate.m */,
			);
			path = Other;
			sourceTree = "<group>";
		};
		22806C331C169FFA002F4F4F /* Hotel */ = {
			isa = PBXGroup;
			children = (
				22806C341C169FFA002F4F4F /* Controller */,
				22806C351C169FFA002F4F4F /* Model */,
				22806C361C169FFA002F4F4F /* Tool */,
				22806C371C169FFA002F4F4F /* View */,
			);
			path = Hotel;
			sourceTree = "<group>";
		};
		22806C341C169FFA002F4F4F /* Controller */ = {
			isa = PBXGroup;
			children = (
				22806C421C16A1F3002F4F4F /* ZGHotelTableController.h */,
				22806C431C16A1F3002F4F4F /* ZGHotelTableController.m */,
				22653A0D1C1F19D300C0BA5C /* ZGHotelDetailController.h */,
				22653A0E1C1F19D300C0BA5C /* ZGHotelDetailController.m */,
			);
			path = Controller;
			sourceTree = "<group>";
		};
		22806C351C169FFA002F4F4F /* Model */ = {
			isa = PBXGroup;
			children = (
				22653A041C1EEF9100C0BA5C /* ZGHotelModel.h */,
				22653A051C1EEF9100C0BA5C /* ZGHotelModel.m */,
				22653A071C1EEF9E00C0BA5C /* ZGHotelDetail.h */,
				22653A081C1EEF9E00C0BA5C /* ZGHotelDetail.m */,
				22843B931C1FDB7C002F1251 /* ZGRoomModel.h */,
				22843B941C1FDB7C002F1251 /* ZGRoomModel.m */,
			);
			path = Model;
			sourceTree = "<group>";
		};
		22806C361C169FFA002F4F4F /* Tool */ = {
			isa = PBXGroup;
			children = (
				22653A011C1EEEF300C0BA5C /* ZGHotelTool.h */,
				22653A021C1EEEF300C0BA5C /* ZGHotelTool.m */,
			);
			path = Tool;
			sourceTree = "<group>";
		};
		22806C371C169FFA002F4F4F /* View */ = {
			isa = PBXGroup;
			children = (
				22653A0A1C1EFB1E00C0BA5C /* ZGHotelListCell.h */,
				22653A0B1C1EFB1E00C0BA5C /* ZGHotelListCell.m */,
				22843B8D1C1FAE79002F1251 /* ZGHotelDetailCell.h */,
				22843B8E1C1FAE79002F1251 /* ZGHotelDetailCell.m */,
				22843B901C1FAEDA002F1251 /* ZGRoomListCell.h */,
				22843B911C1FAEDA002F1251 /* ZGRoomListCell.m */,
			);
			path = View;
			sourceTree = "<group>";
		};
		22806C381C16A005002F4F4F /* City */ = {
			isa = PBXGroup;
			children = (
				22806C391C16A005002F4F4F /* Controller */,
				22806C3A1C16A005002F4F4F /* Model */,
				22806C3B1C16A005002F4F4F /* Tool */,
				22806C3C1C16A005002F4F4F /* View */,
			);
			path = City;
			sourceTree = "<group>";
		};
		22806C391C16A005002F4F4F /* Controller */ = {
			isa = PBXGroup;
			children = (
				22CE33DF1C1AF4EC003760BA /* ZGProvinTableController.h */,
				22CE33E01C1AF4EC003760BA /* ZGProvinTableController.m */,
				22BB8D7F1C19D455008F59CE /* ZGCityTableController.h */,
				22BB8D801C19D455008F59CE /* ZGCityTableController.m */,
			);
			path = Controller;
			sourceTree = "<group>";
		};
		22806C3A1C16A005002F4F4F /* Model */ = {
			isa = PBXGroup;
			children = (
				226834C01C1ACA83006D02C5 /* ZGCityModel.h */,
				226834C11C1ACA83006D02C5 /* ZGCityModel.m */,
			);
			path = Model;
			sourceTree = "<group>";
		};
		22806C3B1C16A005002F4F4F /* Tool */ = {
			isa = PBXGroup;
			children = (
				22BB8D821C19D5FA008F59CE /* ZGCityTool.h */,
				22BB8D831C19D5FA008F59CE /* ZGCityTool.m */,
			);
			path = Tool;
			sourceTree = "<group>";
		};
		22806C3C1C16A005002F4F4F /* View */ = {
			isa = PBXGroup;
			children = (
			);
			path = View;
			sourceTree = "<group>";
		};
		22806C3D1C16A05D002F4F4F /* Home */ = {
			isa = PBXGroup;
			children = (
				22806C3E1C16A05D002F4F4F /* Controller */,
				22806C3F1C16A05D002F4F4F /* Model */,
				22806C401C16A05D002F4F4F /* Tool */,
				22806C411C16A05D002F4F4F /* View */,
			);
			path = Home;
			sourceTree = "<group>";
		};
		22806C3E1C16A05D002F4F4F /* Controller */ = {
			isa = PBXGroup;
			children = (
			);
			path = Controller;
			sourceTree = "<group>";
		};
		22806C3F1C16A05D002F4F4F /* Model */ = {
			isa = PBXGroup;
			children = (
			);
			path = Model;
			sourceTree = "<group>";
		};
		22806C401C16A05D002F4F4F /* Tool */ = {
			isa = PBXGroup;
			children = (
			);
			path = Tool;
			sourceTree = "<group>";
		};
		22806C411C16A05D002F4F4F /* View */ = {
			isa = PBXGroup;
			children = (
			);
			path = View;
			sourceTree = "<group>";
		};
		22806C4B1C17FB10002F4F4F /* Main */ = {
			isa = PBXGroup;
			children = (
				22806C4D1C17FB10002F4F4F /* Scenic */,
				226539F01C1E76A900C0BA5C /* Price */,
				22806C5E1C17FB10002F4F4F /* Traffic */,
				22806C5F1C17FB10002F4F4F /* Weather */,
			);
			path = Main;
			sourceTree = "<group>";
		};
		22806C4D1C17FB10002F4F4F /* Scenic */ = {
			isa = PBXGroup;
			children = (
				22806C4E1C17FB10002F4F4F /* Controller */,
				22806C531C17FB10002F4F4F /* Model */,
				22806C581C17FB10002F4F4F /* Tool */,
				22806C5B1C17FB10002F4F4F /* View */,
			);
			path = Scenic;
			sourceTree = "<group>";
		};
		22806C4E1C17FB10002F4F4F /* Controller */ = {
			isa = PBXGroup;
			children = (
				22806C511C17FB10002F4F4F /* ZGMainTableController.h */,
				22806C521C17FB10002F4F4F /* ZGMainTableController.m */,
				22806C721C180228002F4F4F /* ZGDetailTableController.h */,
				22806C731C180228002F4F4F /* ZGDetailTableController.m */,
			);
			path = Controller;
			sourceTree = "<group>";
		};
		22806C531C17FB10002F4F4F /* Model */ = {
			isa = PBXGroup;
			children = (
				22806C541C17FB10002F4F4F /* ZGScenicDetail.h */,
				22806C551C17FB10002F4F4F /* ZGScenicDetail.m */,
				22806C561C17FB10002F4F4F /* ZGScenicSimple.h */,
				22806C571C17FB10002F4F4F /* ZGScenicSimple.m */,
			);
			path = Model;
			sourceTree = "<group>";
		};
		22806C581C17FB10002F4F4F /* Tool */ = {
			isa = PBXGroup;
			children = (
				22806C591C17FB10002F4F4F /* ZGScenicTool.h */,
				22806C5A1C17FB10002F4F4F /* ZGScenicTool.m */,
			);
			path = Tool;
			sourceTree = "<group>";
		};
		22806C5B1C17FB10002F4F4F /* View */ = {
			isa = PBXGroup;
			children = (
				22806C5C1C17FB10002F4F4F /* ZGScenicCell.h */,
				22806C5D1C17FB10002F4F4F /* ZGScenicCell.m */,
				22806C751C1804B2002F4F4F /* ZGDetailCell.h */,
				22806C761C1804B2002F4F4F /* ZGDetailCell.m */,
				22806C781C1804F1002F4F4F /* ZGPageView.h */,
				22806C791C1804F1002F4F4F /* ZGPageView.m */,
				22806C7B1C180507002F4F4F /* ZGHeaderView.h */,
				22806C7C1C180507002F4F4F /* ZGHeaderView.m */,
				22BB8D761C194115008F59CE /* ZGHeaderButton.h */,
				22BB8D771C194115008F59CE /* ZGHeaderButton.m */,
				22BB8D791C19C1DF008F59CE /* ZGDetailLabel.h */,
				22BB8D7A1C19C1DF008F59CE /* ZGDetailLabel.m */,
				226834BD1C1AB71F006D02C5 /* ZGBottomView.h */,
				226834BE1C1AB71F006D02C5 /* ZGBottomView.m */,
			);
			path = View;
			sourceTree = "<group>";
		};
		22806C5E1C17FB10002F4F4F /* Traffic */ = {
			isa = PBXGroup;
			children = (
				22806C6A1C17FB74002F4F4F /* Controller */,
				22806C6B1C17FB74002F4F4F /* Model */,
				22806C6C1C17FB74002F4F4F /* Tool */,
				22806C6D1C17FB74002F4F4F /* View */,
			);
			path = Traffic;
			sourceTree = "<group>";
		};
		22806C5F1C17FB10002F4F4F /* Weather */ = {
			isa = PBXGroup;
			children = (
				22806C6E1C17FB84002F4F4F /* Controller */,
				22806C6F1C17FB84002F4F4F /* Model */,
				22806C701C17FB84002F4F4F /* Tool */,
				22806C711C17FB84002F4F4F /* View */,
			);
			path = Weather;
			sourceTree = "<group>";
		};
		22806C6A1C17FB74002F4F4F /* Controller */ = {
			isa = PBXGroup;
			children = (
			);
			path = Controller;
			sourceTree = "<group>";
		};
		22806C6B1C17FB74002F4F4F /* Model */ = {
			isa = PBXGroup;
			children = (
			);
			path = Model;
			sourceTree = "<group>";
		};
		22806C6C1C17FB74002F4F4F /* Tool */ = {
			isa = PBXGroup;
			children = (
			);
			path = Tool;
			sourceTree = "<group>";
		};
		22806C6D1C17FB74002F4F4F /* View */ = {
			isa = PBXGroup;
			children = (
			);
			path = View;
			sourceTree = "<group>";
		};
		22806C6E1C17FB84002F4F4F /* Controller */ = {
			isa = PBXGroup;
			children = (
				2286D9081C1C0F5F003BC385 /* ZGWeatherTableController.h */,
				2286D9091C1C0F5F003BC385 /* ZGWeatherTableController.m */,
			);
			path = Controller;
			sourceTree = "<group>";
		};
		22806C6F1C17FB84002F4F4F /* Model */ = {
			isa = PBXGroup;
			children = (
				2286D9051C1C0B99003BC385 /* ZGWeatherModel.h */,
				2286D9061C1C0B99003BC385 /* ZGWeatherModel.m */,
			);
			path = Model;
			sourceTree = "<group>";
		};
		22806C701C17FB84002F4F4F /* Tool */ = {
			isa = PBXGroup;
			children = (
				2286D9021C1C0A7E003BC385 /* ZGWeatherTool.h */,
				2286D9031C1C0A7E003BC385 /* ZGWeatherTool.m */,
			);
			path = Tool;
			sourceTree = "<group>";
		};
		22806C711C17FB84002F4F4F /* View */ = {
			isa = PBXGroup;
			children = (
				22643CA41C1DACB400C741AD /* ZGTodayCell.h */,
				22643CA51C1DACB500C741AD /* ZGTodayCell.m */,
				22643CA91C1DC15100C741AD /* ZGFutureCell.h */,
				22643CAA1C1DC15100C741AD /* ZGFutureCell.m */,
				22643CAC1C1DD43C00C741AD /* ZGTodayDetailCell.h */,
				22643CAD1C1DD43C00C741AD /* ZGTodayDetailCell.m */,
				22643CAF1C1DE38100C741AD /* ZGAdviceCell.h */,
				22643CB01C1DE38100C741AD /* ZGAdviceCell.m */,
			);
			path = View;
			sourceTree = "<group>";
		};
		75BD468B7F18CE0FDCEA8F9E /* Pods */ = {
			isa = PBXGroup;
			children = (
				3E473DFA3AD8154573EF4717 /* Pods.debug.xcconfig */,
				1E140ECF6FEA2345FB8451BE /* Pods.release.xcconfig */,
			);
			name = Pods;
			sourceTree = "<group>";
		};
		F454A78224C24511C724341A /* Frameworks */ = {
			isa = PBXGroup;
			children = (
				5EDCFFEE162EC0D3DCE94B3F /* libPods.a */,
			);
			name = Frameworks;
			sourceTree = "<group>";
		};
/* End PBXGroup section */

/* Begin PBXNativeTarget section */
		2276FA451BFC29DE00C6FC07 /* 景点助手 */ = {
			isa = PBXNativeTarget;
			buildConfigurationList = 2276FA5D1BFC29DF00C6FC07 /* Build configuration list for PBXNativeTarget "景点助手" */;
			buildPhases = (
				8270F198D72126FECDD09535 /* Check Pods Manifest.lock */,
				2276FA421BFC29DE00C6FC07 /* Sources */,
				2276FA431BFC29DE00C6FC07 /* Frameworks */,
				2276FA441BFC29DE00C6FC07 /* Resources */,
				EE7B915844CE8983B7CEB787 /* Embed Pods Frameworks */,
				0FC370F77133AE591F329CEE /* Copy Pods Resources */,
			);
			buildRules = (
			);
			dependencies = (
			);
			name = "景点助手";
			productName = "景点助手";
			productReference = 2276FA461BFC29DE00C6FC07 /* 景点助手.app */;
			productType = "com.apple.product-type.application";
		};
/* End PBXNativeTarget section */

/* Begin PBXProject section */
		2276FA3E1BFC29DE00C6FC07 /* Project object */ = {
			isa = PBXProject;
			attributes = {
				LastUpgradeCheck = 0710;
				ORGANIZATIONNAME = "赵志刚";
				TargetAttributes = {
					2276FA451BFC29DE00C6FC07 = {
						CreatedOnToolsVersion = 7.1;
						DevelopmentTeam = UHCLK74DHB;
					};
				};
			};
			buildConfigurationList = 2276FA411BFC29DE00C6FC07 /* Build configuration list for PBXProject "景点助手" */;
			compatibilityVersion = "Xcode 3.2";
			developmentRegion = English;
			hasScannedForEncodings = 0;
			knownRegions = (
				en,
				Base,
			);
			mainGroup = 2276FA3D1BFC29DE00C6FC07;
			productRefGroup = 2276FA471BFC29DE00C6FC07 /* Products */;
			projectDirPath = "";
			projectRoot = "";
			targets = (
				2276FA451BFC29DE00C6FC07 /* 景点助手 */,
			);
		};
/* End PBXProject section */

/* Begin PBXResourcesBuildPhase section */
		2276FA441BFC29DE00C6FC07 /* Resources */ = {
			isa = PBXResourcesBuildPhase;
			buildActionMask = 2147483647;
			files = (
				2276FA591BFC29DF00C6FC07 /* LaunchScreen.storyboard in Resources */,
				2276FA561BFC29DF00C6FC07 /* Assets.xcassets in Resources */,
			);
			runOnlyForDeploymentPostprocessing = 0;
		};
/* End PBXResourcesBuildPhase section */

/* Begin PBXShellScriptBuildPhase section */
		0FC370F77133AE591F329CEE /* Copy Pods Resources */ = {
			isa = PBXShellScriptBuildPhase;
			buildActionMask = 2147483647;
			files = (
			);
			inputPaths = (
			);
			name = "Copy Pods Resources";
			outputPaths = (
			);
			runOnlyForDeploymentPostprocessing = 0;
			shellPath = /bin/sh;
			shellScript = "\"${SRCROOT}/Pods/Target Support Files/Pods/Pods-resources.sh\"\n";
			showEnvVarsInLog = 0;
		};
		8270F198D72126FECDD09535 /* Check Pods Manifest.lock */ = {
			isa = PBXShellScriptBuildPhase;
			buildActionMask = 2147483647;
			files = (
			);
			inputPaths = (
			);
			name = "Check Pods Manifest.lock";
			outputPaths = (
			);
			runOnlyForDeploymentPostprocessing = 0;
			shellPath = /bin/sh;
			shellScript = "diff \"${PODS_ROOT}/../Podfile.lock\" \"${PODS_ROOT}/Manifest.lock\" > /dev/null\nif [[ $? != 0 ]] ; then\n    cat << EOM\nerror: The sandbox is not in sync with the Podfile.lock. Run 'pod install' or update your CocoaPods installation.\nEOM\n    exit 1\nfi\n";
			showEnvVarsInLog = 0;
		};
		EE7B915844CE8983B7CEB787 /* Embed Pods Frameworks */ = {
			isa = PBXShellScriptBuildPhase;
			buildActionMask = 2147483647;
			files = (
			);
			inputPaths = (
			);
			name = "Embed Pods Frameworks";
			outputPaths = (
			);
			runOnlyForDeploymentPostprocessing = 0;
			shellPath = /bin/sh;
			shellScript = "\"${SRCROOT}/Pods/Target Support Files/Pods/Pods-frameworks.sh\"\n";
			showEnvVarsInLog = 0;
		};
/* End PBXShellScriptBuildPhase section */

/* Begin PBXSourcesBuildPhase section */
		2276FA421BFC29DE00C6FC07 /* Sources */ = {
			isa = PBXSourcesBuildPhase;
			buildActionMask = 2147483647;
			files = (
				22653A0F1C1F19D300C0BA5C /* ZGHotelDetailController.m in Sources */,
				22BB8D8D1C19D850008F59CE /* ZGTableViewController.m in Sources */,
				22653A061C1EEF9100C0BA5C /* ZGHotelModel.m in Sources */,
				22AF81701C1D3D7B00ACF684 /* ZGDataTool.m in Sources */,
				22643CA71C1DACB500C741AD /* ZGTodayCell.m in Sources */,
				22BB8D811C19D455008F59CE /* ZGCityTableController.m in Sources */,
				22806C771C1804B2002F4F4F /* ZGDetailCell.m in Sources */,
				22BB8D781C194115008F59CE /* ZGHeaderButton.m in Sources */,
				22806C741C180228002F4F4F /* ZGDetailTableController.m in Sources */,
				22843B8F1C1FAE79002F1251 /* ZGHotelDetailCell.m in Sources */,
				22653A031C1EEEF300C0BA5C /* ZGHotelTool.m in Sources */,
				22BB8D7B1C19C1DF008F59CE /* ZGDetailLabel.m in Sources */,
				22806C441C16A1F3002F4F4F /* ZGHotelTableController.m in Sources */,
				224259E51C14373100D868BF /* ZGHttpTool.m in Sources */,
				224259DF1C140CED00D868BF /* ZGNavigationController.m in Sources */,
				22653A0C1C1EFB1E00C0BA5C /* ZGHotelListCell.m in Sources */,
				22643CB11C1DE38100C741AD /* ZGAdviceCell.m in Sources */,
				22806C801C181740002F4F4F /* UIImageView+ZGTool.m in Sources */,
				226539FA1C1E858A00C0BA5C /* ZGPriceTool.m in Sources */,
				22806C641C17FB10002F4F4F /* ZGScenicTool.m in Sources */,
				226834C21C1ACA83006D02C5 /* ZGCityModel.m in Sources */,
				22806C7D1C180507002F4F4F /* ZGHeaderView.m in Sources */,
				2286D9071C1C0B99003BC385 /* ZGWeatherModel.m in Sources */,
				22BB8D841C19D5FA008F59CE /* ZGCityTool.m in Sources */,
				22806C611C17FB10002F4F4F /* ZGMainTableController.m in Sources */,
				226539F71C1E79C900C0BA5C /* ZGPriceTableController.m in Sources */,
				22806C631C17FB10002F4F4F /* ZGScenicSimple.m in Sources */,
				22843B921C1FAEDA002F1251 /* ZGRoomListCell.m in Sources */,
				22806C7A1C1804F1002F4F4F /* ZGPageView.m in Sources */,
				2286D9041C1C0A7E003BC385 /* ZGWeatherTool.m in Sources */,
				227E14391BFC2CD9001E6FBB /* main.m in Sources */,
				226834BF1C1AB71F006D02C5 /* ZGBottomView.m in Sources */,
				22643CAB1C1DC15100C741AD /* ZGFutureCell.m in Sources */,
				227E14441BFC2F4A001E6FBB /* ZGAppDelegate.m in Sources */,
				2286D90A1C1C0F5F003BC385 /* ZGWeatherTableController.m in Sources */,
				22843B951C1FDB7C002F1251 /* ZGRoomModel.m in Sources */,
				22CE33E11C1AF4EC003760BA /* ZGProvinTableController.m in Sources */,
				22653A001C1E85DD00C0BA5C /* ZGPriceCell.m in Sources */,
				226539FD1C1E859900C0BA5C /* ZGPriceModel.m in Sources */,
				22806C621C17FB10002F4F4F /* ZGScenicDetail.m in Sources */,
				22806C651C17FB10002F4F4F /* ZGScenicCell.m in Sources */,
				22653A091C1EEF9E00C0BA5C /* ZGHotelDetail.m in Sources */,
				22643CAE1C1DD43C00C741AD /* ZGTodayDetailCell.m in Sources */,
			);
			runOnlyForDeploymentPostprocessing = 0;
		};
/* End PBXSourcesBuildPhase section */

/* Begin PBXVariantGroup section */
		2276FA571BFC29DF00C6FC07 /* LaunchScreen.storyboard */ = {
			isa = PBXVariantGroup;
			children = (
				2276FA581BFC29DF00C6FC07 /* Base */,
			);
			name = LaunchScreen.storyboard;
			sourceTree = "<group>";
		};
/* End PBXVariantGroup section */

/* Begin XCBuildConfiguration section */
		2276FA5B1BFC29DF00C6FC07 /* Debug */ = {
			isa = XCBuildConfiguration;
			buildSettings = {
				ALWAYS_SEARCH_USER_PATHS = NO;
				CLANG_CXX_LANGUAGE_STANDARD = "gnu++0x";
				CLANG_CXX_LIBRARY = "libc++";
				CLANG_ENABLE_MODULES = YES;
				CLANG_ENABLE_OBJC_ARC = YES;
				CLANG_WARN_BOOL_CONVERSION = YES;
				CLANG_WARN_CONSTANT_CONVERSION = YES;
				CLANG_WARN_DIRECT_OBJC_ISA_USAGE = YES_ERROR;
				CLANG_WARN_EMPTY_BODY = YES;
				CLANG_WARN_ENUM_CONVERSION = YES;
				CLANG_WARN_INT_CONVERSION = YES;
				CLANG_WARN_OBJC_ROOT_CLASS = YES_ERROR;
				CLANG_WARN_UNREACHABLE_CODE = YES;
				CLANG_WARN__DUPLICATE_METHOD_MATCH = YES;
				"CODE_SIGN_IDENTITY[sdk=iphoneos*]" = "iPhone Developer";
				COPY_PHASE_STRIP = NO;
				DEBUG_INFORMATION_FORMAT = dwarf;
				ENABLE_STRICT_OBJC_MSGSEND = YES;
				ENABLE_TESTABILITY = YES;
				GCC_C_LANGUAGE_STANDARD = gnu99;
				GCC_DYNAMIC_NO_PIC = NO;
				GCC_NO_COMMON_BLOCKS = YES;
				GCC_OPTIMIZATION_LEVEL = 0;
				GCC_PREPROCESSOR_DEFINITIONS = (
					"DEBUG=1",
					"$(inherited)",
				);
				GCC_WARN_64_TO_32_BIT_CONVERSION = YES;
				GCC_WARN_ABOUT_RETURN_TYPE = YES_ERROR;
				GCC_WARN_UNDECLARED_SELECTOR = YES;
				GCC_WARN_UNINITIALIZED_AUTOS = YES_AGGRESSIVE;
				GCC_WARN_UNUSED_FUNCTION = YES;
				GCC_WARN_UNUSED_VARIABLE = YES;
				IPHONEOS_DEPLOYMENT_TARGET = 9.1;
				MTL_ENABLE_DEBUG_INFO = YES;
				ONLY_ACTIVE_ARCH = YES;
				SDKROOT = iphoneos;
				TARGETED_DEVICE_FAMILY = "1,2";
			};
			name = Debug;
		};
		2276FA5C1BFC29DF00C6FC07 /* Release */ = {
			isa = XCBuildConfiguration;
			buildSettings = {
				ALWAYS_SEARCH_USER_PATHS = NO;
				CLANG_CXX_LANGUAGE_STANDARD = "gnu++0x";
				CLANG_CXX_LIBRARY = "libc++";
				CLANG_ENABLE_MODULES = YES;
				CLANG_ENABLE_OBJC_ARC = YES;
				CLANG_WARN_BOOL_CONVERSION = YES;
				CLANG_WARN_CONSTANT_CONVERSION = YES;
				CLANG_WARN_DIRECT_OBJC_ISA_USAGE = YES_ERROR;
				CLANG_WARN_EMPTY_BODY = YES;
				CLANG_WARN_ENUM_CONVERSION = YES;
				CLANG_WARN_INT_CONVERSION = YES;
				CLANG_WARN_OBJC_ROOT_CLASS = YES_ERROR;
				CLANG_WARN_UNREACHABLE_CODE = YES;
				CLANG_WARN__DUPLICATE_METHOD_MATCH = YES;
				"CODE_SIGN_IDENTITY[sdk=iphoneos*]" = "iPhone Developer";
				COPY_PHASE_STRIP = NO;
				DEBUG_INFORMATION_FORMAT = "dwarf-with-dsym";
				ENABLE_NS_ASSERTIONS = NO;
				ENABLE_STRICT_OBJC_MSGSEND = YES;
				GCC_C_LANGUAGE_STANDARD = gnu99;
				GCC_NO_COMMON_BLOCKS = YES;
				GCC_WARN_64_TO_32_BIT_CONVERSION = YES;
				GCC_WARN_ABOUT_RETURN_TYPE = YES_ERROR;
				GCC_WARN_UNDECLARED_SELECTOR = YES;
				GCC_WARN_UNINITIALIZED_AUTOS = YES_AGGRESSIVE;
				GCC_WARN_UNUSED_FUNCTION = YES;
				GCC_WARN_UNUSED_VARIABLE = YES;
				IPHONEOS_DEPLOYMENT_TARGET = 9.1;
				MTL_ENABLE_DEBUG_INFO = NO;
				SDKROOT = iphoneos;
				TARGETED_DEVICE_FAMILY = "1,2";
				VALIDATE_PRODUCT = YES;
			};
			name = Release;
		};
		2276FA5E1BFC29DF00C6FC07 /* Debug */ = {
			isa = XCBuildConfiguration;
			baseConfigurationReference = 3E473DFA3AD8154573EF4717 /* Pods.debug.xcconfig */;
			buildSettings = {
				ASSETCATALOG_COMPILER_APPICON_NAME = AppIcon;
				CODE_SIGN_IDENTITY = "iPhone Developer";
				"CODE_SIGN_IDENTITY[sdk=iphoneos*]" = "iPhone Developer";
				INFOPLIST_FILE = "景点助手/Info.plist";
				LD_RUNPATH_SEARCH_PATHS = "$(inherited) @executable_path/Frameworks";
				PRODUCT_BUNDLE_IDENTIFIER = "com.zzg.----";
				PRODUCT_NAME = "$(TARGET_NAME)";
				PROVISIONING_PROFILE = "";
			};
			name = Debug;
		};
		2276FA5F1BFC29DF00C6FC07 /* Release */ = {
			isa = XCBuildConfiguration;
			baseConfigurationReference = 1E140ECF6FEA2345FB8451BE /* Pods.release.xcconfig */;
			buildSettings = {
				ASSETCATALOG_COMPILER_APPICON_NAME = AppIcon;
				CODE_SIGN_IDENTITY = "iPhone Developer";
				"CODE_SIGN_IDENTITY[sdk=iphoneos*]" = "iPhone Developer";
				INFOPLIST_FILE = "景点助手/Info.plist";
				LD_RUNPATH_SEARCH_PATHS = "$(inherited) @executable_path/Frameworks";
				PRODUCT_BUNDLE_IDENTIFIER = "com.zzg.----";
				PRODUCT_NAME = "$(TARGET_NAME)";
				PROVISIONING_PROFILE = "";
			};
			name = Release;
		};
/* End XCBuildConfiguration section */

/* Begin XCConfigurationList section */
		2276FA411BFC29DE00C6FC07 /* Build configuration list for PBXProject "景点助手" */ = {
			isa = XCConfigurationList;
			buildConfigurations = (
				2276FA5B1BFC29DF00C6FC07 /* Debug */,
				2276FA5C1BFC29DF00C6FC07 /* Release */,
			);
			defaultConfigurationIsVisible = 0;
			defaultConfigurationName = Release;
		};
		2276FA5D1BFC29DF00C6FC07 /* Build configuration list for PBXNativeTarget "景点助手" */ = {
			isa = XCConfigurationList;
			buildConfigurations = (
				2276FA5E1BFC29DF00C6FC07 /* Debug */,
				2276FA5F1BFC29DF00C6FC07 /* Release */,
			);
			defaultConfigurationIsVisible = 0;
			defaultConfigurationName = Release;
		};
/* End XCConfigurationList section */
	};
	rootObject = 2276FA3E1BFC29DE00C6FC07 /* Project object */;
}
